// !$*UTF8*$!
{
	archiveVersion = 1;
	classes = {
	};
	objectVersion = 50;
	objects = {

/* Begin PBXBuildFile section */
		A0E40B3221B956DB0070DF8C /* AppDelegate.swift in Sources */ = {isa = PBXBuildFile; fileRef = A0E40B3121B956DB0070DF8C /* AppDelegate.swift */; };
		A0E40B3421B956DB0070DF8C /* ViewController.swift in Sources */ = {isa = PBXBuildFile; fileRef = A0E40B3321B956DB0070DF8C /* ViewController.swift */; };
		A0E40B3721B956DB0070DF8C /* Main.storyboard in Resources */ = {isa = PBXBuildFile; fileRef = A0E40B3521B956DB0070DF8C /* Main.storyboard */; };
		A0E40B3A21B956DB0070DF8C /* myFirstProject.xcdatamodeld in Sources */ = {isa = PBXBuildFile; fileRef = A0E40B3821B956DB0070DF8C /* myFirstProject.xcdatamodeld */; };
		A0E40B3C21B956DD0070DF8C /* Assets.xcassets in Resources */ = {isa = PBXBuildFile; fileRef = A0E40B3B21B956DD0070DF8C /* Assets.xcassets */; };
		A0E40B3F21B956DD0070DF8C /* LaunchScreen.storyboard in Resources */ = {isa = PBXBuildFile; fileRef = A0E40B3D21B956DD0070DF8C /* LaunchScreen.storyboard */; };
/* End PBXBuildFile section */

/* Begin PBXFileReference section */
		A0E40B2E21B956DB0070DF8C /* myFirstProject.app */ = {isa = PBXFileReference; explicitFileType = wrapper.application; includeInIndex = 0; path = myFirstProject.app; sourceTree = BUILT_PRODUCTS_DIR; };
		A0E40B3121B956DB0070DF8C /* AppDelegate.swift */ = {isa = PBXFileReference; lastKnownFileType = sourcecode.swift; path = AppDelegate.swift; sourceTree = "<group>"; };
		A0E40B3321B956DB0070DF8C /* ViewController.swift */ = {isa = PBXFileReference; lastKnownFileType = sourcecode.swift; path = ViewController.swift; sourceTree = "<group>"; };
		A0E40B3621B956DB0070DF8C /* Base */ = {isa = PBXFileReference; lastKnownFileType = file.storyboard; name = Base; path = Base.lproj/Main.storyboard; sourceTree = "<group>"; };
		A0E40B3921B956DB0070DF8C /* myFirstProject.xcdatamodel */ = {isa = PBXFileReference; lastKnownFileType = wrapper.xcdatamodel; path = myFirstProject.xcdatamodel; sourceTree = "<group>"; };
		A0E40B3B21B956DD0070DF8C /* Assets.xcassets */ = {isa = PBXFileReference; lastKnownFileType = folder.assetcatalog; path = Assets.xcassets; sourceTree = "<group>"; };
		A0E40B3E21B956DD0070DF8C /* Base */ = {isa = PBXFileReference; lastKnownFileType = file.storyboard; name = Base; path = Base.lproj/LaunchScreen.storyboard; sourceTree = "<group>"; };
		A0E40B4021B956DD0070DF8C /* Info.plist */ = {isa = PBXFileReference; lastKnownFileType = text.plist.xml; path = Info.plist; sourceTree = "<group>"; };
/* End PBXFileReference section */

/* Begin PBXFrameworksBuildPhase section */
		A0E40B2B21B956DB0070DF8C /* Frameworks */ = {
			isa = PBXFrameworksBuildPhase;
			buildActionMask = 2147483647;
			files = (
			);
			runOnlyForDeploymentPostprocessing = 0;
		};
/* End PBXFrameworksBuildPhase section */

/* Begin PBXGroup section */
		A0E40B2521B956DB0070DF8C = {
			isa = PBXGroup;
			children = (
				A0E40B3021B956DB0070DF8C /* myFirstProject */,
				A0E40B2F21B956DB0070DF8C /* Products */,
			);
			sourceTree = "<group>";
		};
		A0E40B2F21B956DB0070DF8C /* Products */ = {
			isa = PBXGroup;
			children = (
				A0E40B2E21B956DB0070DF8C /* myFirstProject.app */,
			);
			name = Products;
			sourceTree = "<group>";
		};
		A0E40B3021B956DB0070DF8C /* myFirstProject */ = {
			isa = PBXGroup;
			children = (
				A0E40B3121B956DB0070DF8C /* AppDelegate.swift */,
				A0E40B3321B956DB0070DF8C /* ViewController.swift */,
				A0E40B3521B956DB0070DF8C /* Main.storyboard */,
				A0E40B3B21B956DD0070DF8C /* Assets.xcassets */,
				A0E40B3D21B956DD0070DF8C /* LaunchScreen.storyboard */,
				A0E40B4021B956DD0070DF8C /* Info.plist */,
				A0E40B3821B956DB0070DF8C /* myFirstProject.xcdatamodeld */,
			);
			path = myFirstProject;
			sourceTree = "<group>";
		};
/* End PBXGroup section */

/* Begin PBXNativeTarget section */
		A0E40B2D21B956DB0070DF8C /* myFirstProject */ = {
			isa = PBXNativeTarget;
			buildConfigurationList = A0E40B4321B956DD0070DF8C /* Build configuration list for PBXNativeTarget "myFirstProject" */;
			buildPhases = (
				A0E40B2A21B956DB0070DF8C /* Sources */,
				A0E40B2B21B956DB0070DF8C /* Frameworks */,
				A0E40B2C21B956DB0070DF8C /* Resources */,
			);
			buildRules = (
			);
			dependencies = (
			);
			name = myFirstProject;
			productName = myFirstProject;
			productReference = A0E40B2E21B956DB0070DF8C /* myFirstProject.app */;
			productType = "com.apple.product-type.application";
		};
/* End PBXNativeTarget section */

/* Begin PBXProject section */
		A0E40B2621B956DB0070DF8C /* Project object */ = {
			isa = PBXProject;
			attributes = {
				LastSwiftUpdateCheck = 1010;
				LastUpgradeCheck = 1010;
				ORGANIZATIONNAME = "劉毅成";
				TargetAttributes = {
					A0E40B2D21B956DB0070DF8C = {
						CreatedOnToolsVersion = 10.1;
					};
				};
			};
			buildConfigurationList = A0E40B2921B956DB0070DF8C /* Build configuration list for PBXProject "myFirstProject" */;
			compatibilityVersion = "Xcode 9.3";
			developmentRegion = en;
			hasScannedForEncodings = 0;
			knownRegions = (
				en,
				Base,
			);
			mainGroup = A0E40B2521B956DB0070DF8C;
			productRefGroup = A0E40B2F21B956DB0070DF8C /* Products */;
			projectDirPath = "";
			projectRoot = "";
			targets = (
				A0E40B2D21B956DB0070DF8C /* myFirstProject */,
			);
		};
/* End PBXProject section */

/* Begin PBXResourcesBuildPhase section */
		A0E40B2C21B956DB0070DF8C /* Resources */ = {
			isa = PBXResourcesBuildPhase;
			buildActionMask = 2147483647;
			files = (
				A0E40B3F21B956DD0070DF8C /* LaunchScreen.storyboard in Resources */,
				A0E40B3C21B956DD0070DF8C /* Assets.xcassets in Resources */,
				A0E40B3721B956DB0070DF8C /* Main.storyboard in Resources */,
			);
			runOnlyForDeploymentPostprocessing = 0;
		};
/* End PBXResourcesBuildPhase section */

/* Begin PBXSourcesBuildPhase section */
		A0E40B2A21B956DB0070DF8C /* Sources */ = {
			isa = PBXSourcesBuildPhase;
			buildActionMask = 2147483647;
			files = (
				A0E40B3421B956DB0070DF8C /* ViewController.swift in Sources */,
				A0E40B3A21B956DB0070DF8C /* myFirstProject.xcdatamodeld in Sources */,
				A0E40B3221B956DB0070DF8C /* AppDelegate.swift in Sources */,
			);
			runOnlyForDeploymentPostprocessing = 0;
		};
/* End PBXSourcesBuildPhase section */

/* Begin PBXVariantGroup section */
		A0E40B3521B956DB0070DF8C /* Main.storyboard */ = {
			isa = PBXVariantGroup;
			children = (
				A0E40B3621B956DB0070DF8C /* Base */,
			);
			name = Main.storyboard;
			sourceTree = "<group>";
		};
		A0E40B3D21B956DD0070DF8C /* LaunchScreen.storyboard */ = {
			isa = PBXVariantGroup;
			children = (
				A0E40B3E21B956DD0070DF8C /* Base */,
			);
			name = LaunchScreen.storyboard;
			sourceTree = "<group>";
		};
/* End PBXVariantGroup section */

/* Begin XCBuildConfiguration section */
		A0E40B4121B956DD0070DF8C /* Debug */ = {
			isa = XCBuildConfiguration;
			buildSettings = {
				ALWAYS_SEARCH_USER_PATHS = NO;
				CLANG_ANALYZER_NONNULL = YES;
				CLANG_ANALYZER_NUMBER_OBJECT_CONVERSION = YES_AGGRESSIVE;
				CLANG_CXX_LANGUAGE_STANDARD = "gnu++14";
				CLANG_CXX_LIBRARY = "libc++";
				CLANG_ENABLE_MODULES = YES;
				CLANG_ENABLE_OBJC_ARC = YES;
				CLANG_ENABLE_OBJC_WEAK = YES;
				CLANG_WARN_BLOCK_CAPTURE_AUTORELEASING = YES;
				CLANG_WARN_BOOL_CONVERSION = YES;
				CLANG_WARN_COMMA = YES;
				CLANG_WARN_CONSTANT_CONVERSION = YES;
				CLANG_WARN_DEPRECATED_OBJC_IMPLEMENTATIONS = YES;
				CLANG_WARN_DIRECT_OBJC_ISA_USAGE = YES_ERROR;
				CLANG_WARN_DOCUMENTATION_COMMENTS = YES;
				CLANG_WARN_EMPTY_BODY = YES;
				CLANG_WARN_ENUM_CONVERSION = YES;
				CLANG_WARN_INFINITE_RECURSION = YES;
				CLANG_WARN_INT_CONVERSION = YES;
				CLANG_WARN_NON_LITERAL_NULL_CONVERSION = YES;
				CLANG_WARN_OBJC_IMPLICIT_RETAIN_SELF = YES;
				CLANG_WARN_OBJC_LITERAL_CONVERSION = YES;
				CLANG_WARN_OBJC_ROOT_CLASS = YES_ERROR;
				CLANG_WARN_RANGE_LOOP_ANALYSIS = YES;
				CLANG_WARN_STRICT_PROTOTYPES = YES;
				CLANG_WARN_SUSPICIOUS_MOVE = YES;
				CLANG_WARN_UNGUARDED_AVAILABILITY = YES_AGGRESSIVE;
				CLANG_WARN_UNREACHABLE_CODE = YES;
				CLANG_WARN__DUPLICATE_METHOD_MATCH = YES;
				CODE_SIGN_IDENTITY = "iPhone Developer";
				COPY_PHASE_STRIP = NO;
				DEBUG_INFORMATION_FORMAT = dwarf;
				ENABLE_STRICT_OBJC_MSGSEND = YES;
				ENABLE_TESTABILITY = YES;
				GCC_C_LANGUAGE_STANDARD = gnu11;
				GCC_DYNAMIC_NO_PIC = NO;
				GCC_NO_COMMON_BLOCKS = YES;
				GCC_OPTIMIZATION_LEVEL = 0;
				GCC_PREPROCESSOR_DEFINITIONS = (
					"DEBUG=1",
					"$(inherited)",
				);
				GCC_WARN_64_TO_32_BIT_CONVERSION = YES;
				GCC_WARN_ABOUT_RETURN_TYPE = YES_ERROR;
				GCC_WARN_UNDECLARED_SELECTOR = YES;
				GCC_WARN_UNINITIALIZED_AUTOS = YES_AGGRESSIVE;
				GCC_WARN_UNUSED_FUNCTION = YES;
				GCC_WARN_UNUSED_VARIABLE = YES;
				IPHONEOS_DEPLOYMENT_TARGET = 12.1;
				MTL_ENABLE_DEBUG_INFO = INCLUDE_SOURCE;
				MTL_FAST_MATH = YES;
				ONLY_ACTIVE_ARCH = YES;
				SDKROOT = iphoneos;
				SWIFT_ACTIVE_COMPILATION_CONDITIONS = DEBUG;
				SWIFT_OPTIMIZATION_LEVEL = "-Onone";
			};
			name = Debug;
		};
		A0E40B4221B956DD0070DF8C /* Release */ = {
			isa = XCBuildConfiguration;
			buildSettings = {
				ALWAYS_SEARCH_USER_PATHS = NO;
				CLANG_ANALYZER_NONNULL = YES;
				CLANG_ANALYZER_NUMBER_OBJECT_CONVERSION = YES_AGGRESSIVE;
				CLANG_CXX_LANGUAGE_STANDARD = "gnu++14";
				CLANG_CXX_LIBRARY = "libc++";
				CLANG_ENABLE_MODULES = YES;
				CLANG_ENABLE_OBJC_ARC = YES;
				CLANG_ENABLE_OBJC_WEAK = YES;
				CLANG_WARN_BLOCK_CAPTURE_AUTORELEASING = YES;
				CLANG_WARN_BOOL_CONVERSION = YES;
				CLANG_WARN_COMMA = YES;
				CLANG_WARN_CONSTANT_CONVERSION = YES;
				CLANG_WARN_DEPRECATED_OBJC_IMPLEMENTATIONS = YES;
				CLANG_WARN_DIRECT_OBJC_ISA_USAGE = YES_ERROR;
				CLANG_WARN_DOCUMENTATION_COMMENTS = YES;
				CLANG_WARN_EMPTY_BODY = YES;
				CLANG_WARN_ENUM_CONVERSION = YES;
				CLANG_WARN_INFINITE_RECURSION = YES;
				CLANG_WARN_INT_CONVERSION = YES;
				CLANG_WARN_NON_LITERAL_NULL_CONVERSION = YES;
				CLANG_WARN_OBJC_IMPLICIT_RETAIN_SELF = YES;
				CLANG_WARN_OBJC_LITERAL_CONVERSION = YES;
				CLANG_WARN_OBJC_ROOT_CLASS = YES_ERROR;
				CLANG_WARN_RANGE_LOOP_ANALYSIS = YES;
				CLANG_WARN_STRICT_PROTOTYPES = YES;
				CLANG_WARN_SUSPICIOUS_MOVE = YES;
				CLANG_WARN_UNGUARDED_AVAILABILITY = YES_AGGRESSIVE;
				CLANG_WARN_UNREACHABLE_CODE = YES;
				CLANG_WARN__DUPLICATE_METHOD_MATCH = YES;
				CODE_SIGN_IDENTITY = "iPhone Developer";
				COPY_PHASE_STRIP = NO;
				DEBUG_INFORMATION_FORMAT = "dwarf-with-dsym";
				ENABLE_NS_ASSERTIONS = NO;
				ENABLE_STRICT_OBJC_MSGSEND = YES;
				GCC_C_LANGUAGE_STANDARD = gnu11;
				GCC_NO_COMMON_BLOCKS = YES;
				GCC_WARN_64_TO_32_BIT_CONVERSION = YES;
				GCC_WARN_ABOUT_RETURN_TYPE = YES_ERROR;
				GCC_WARN_UNDECLARED_SELECTOR = YES;
				GCC_WARN_UNINITIALIZED_AUTOS = YES_AGGRESSIVE;
				GCC_WARN_UNUSED_FUNCTION = YES;
				GCC_WARN_UNUSED_VARIABLE = YES;
				IPHONEOS_DEPLOYMENT_TARGET = 12.1;
				MTL_ENABLE_DEBUG_INFO = NO;
				MTL_FAST_MATH = YES;
				SDKROOT = iphoneos;
				SWIFT_COMPILATION_MODE = wholemodule;
				SWIFT_OPTIMIZATION_LEVEL = "-O";
				VALIDATE_PRODUCT = YES;
			};
			name = Release;
		};
		A0E40B4421B956DD0070DF8C /* Debug */ = {
			isa = XCBuildConfiguration;
			buildSettings = {
				ASSETCATALOG_COMPILER_APPICON_NAME = AppIcon;
				CODE_SIGN_STYLE = Automatic;
				DEVELOPMENT_TEAM = 4DR78W8YW7;
				INFOPLIST_FILE = myFirstProject/Info.plist;
				LD_RUNPATH_SEARCH_PATHS = (
					"$(inherited)",
					"@executable_path/Frameworks",
				);
				PRODUCT_BUNDLE_IDENTIFIER = com.example.myFirstProject;
				PRODUCT_NAME = "$(TARGET_NAME)";
				SWIFT_VERSION = 4.2;
				TARGETED_DEVICE_FAMILY = "1,2";
			};
			name = Debug;
		};
		A0E40B4521B956DD0070DF8C /* Release */ = {
			isa = XCBuildConfiguration;
			buildSettings = {
				ASSETCATALOG_COMPILER_APPICON_NAME = AppIcon;
				CODE_SIGN_STYLE = Automatic;
				DEVELOPMENT_TEAM = 4DR78W8YW7;
				INFOPLIST_FILE = myFirstProject/Info.plist;
				LD_RUNPATH_SEARCH_PATHS = (
					"$(inherited)",
					"@executable_path/Frameworks",
				);
				PRODUCT_BUNDLE_IDENTIFIER = com.example.myFirstProject;
				PRODUCT_NAME = "$(TARGET_NAME)";
				SWIFT_VERSION = 4.2;
				TARGETED_DEVICE_FAMILY = "1,2";
			};
			name = Release;
		};
/* End XCBuildConfiguration section */

/* Begin XCConfigurationList section */
		A0E40B2921B956DB0070DF8C /* Build configuration list for PBXProject "myFirstProject" */ = {
			isa = XCConfigurationList;
			buildConfigurations = (
				A0E40B4121B956DD0070DF8C /* Debug */,
				A0E40B4221B956DD0070DF8C /* Release */,
			);
			defaultConfigurationIsVisible = 0;
			defaultConfigurationName = Release;
		};
		A0E40B4321B956DD0070DF8C /* Build configuration list for PBXNativeTarget "myFirstProject" */ = {
			isa = XCConfigurationList;
			buildConfigurations = (
				A0E40B4421B956DD0070DF8C /* Debug */,
				A0E40B4521B956DD0070DF8C /* Release */,
			);
			defaultConfigurationIsVisible = 0;
			defaultConfigurationName = Release;
		};
/* End XCConfigurationList section */

/* Begin XCVersionGroup section */
		A0E40B3821B956DB0070DF8C /* myFirstProject.xcdatamodeld */ = {
			isa = XCVersionGroup;
			children = (
				A0E40B3921B956DB0070DF8C /* myFirstProject.xcdatamodel */,
			);
			currentVersion = A0E40B3921B956DB0070DF8C /* myFirstProject.xcdatamodel */;
			path = myFirstProject.xcdatamodeld;
			sourceTree = "<group>";
			versionGroupType = wrapper.xcdatamodel;
		};
/* End XCVersionGroup section */
	};
	rootObject = A0E40B2621B956DB0070DF8C /* Project object */;
}
